// !$*UTF8*$!
{
	archiveVersion = 1;
	classes = {
	};
	objectVersion = 56;
	objects = {

/* Begin PBXBuildFile section */
		2884E9782C06B9A500AC40BC /* GHAlertContainerView.swift in Sources */ = {isa = PBXBuildFile; fileRef = 2884E9772C06B9A500AC40BC /* GHAlertContainerView.swift */; };
		288F10D52BFBF30B002D7E8E /* UserInfoVC.swift in Sources */ = {isa = PBXBuildFile; fileRef = 288F10D42BFBF30B002D7E8E /* UserInfoVC.swift */; };
		288F10D72BFCC4A7002D7E8E /* GHSecondaryLabel.swift in Sources */ = {isa = PBXBuildFile; fileRef = 288F10D62BFCC4A7002D7E8E /* GHSecondaryLabel.swift */; };
		288F10D92BFD0C39002D7E8E /* GHUserInfoHeaderVC.swift in Sources */ = {isa = PBXBuildFile; fileRef = 288F10D82BFD0C39002D7E8E /* GHUserInfoHeaderVC.swift */; };
		288F10DB2BFD300E002D7E8E /* Constants.swift in Sources */ = {isa = PBXBuildFile; fileRef = 288F10DA2BFD300E002D7E8E /* Constants.swift */; };
		288F10DD2BFF6FDE002D7E8E /* GHInfoItemView.swift in Sources */ = {isa = PBXBuildFile; fileRef = 288F10DC2BFF6FDE002D7E8E /* GHInfoItemView.swift */; };
		288F10DF2BFF7783002D7E8E /* GHItemInfoVC.swift in Sources */ = {isa = PBXBuildFile; fileRef = 288F10DE2BFF7783002D7E8E /* GHItemInfoVC.swift */; };
		288F10E12BFF7C61002D7E8E /* GHRepoItemVC.swift in Sources */ = {isa = PBXBuildFile; fileRef = 288F10E02BFF7C61002D7E8E /* GHRepoItemVC.swift */; };
		288F10E32BFF7E19002D7E8E /* GHFollowerItemVC.swift in Sources */ = {isa = PBXBuildFile; fileRef = 288F10E22BFF7E19002D7E8E /* GHFollowerItemVC.swift */; };
		288F10E82BFF81B4002D7E8E /* DateExtension.swift in Sources */ = {isa = PBXBuildFile; fileRef = 288F10E72BFF81B4002D7E8E /* DateExtension.swift */; };
		288F10EA2BFF81D6002D7E8E /* StringExtension.swift in Sources */ = {isa = PBXBuildFile; fileRef = 288F10E92BFF81D6002D7E8E /* StringExtension.swift */; };
		288F10EC2BFFE8B7002D7E8E /* PersistenceManager.swift in Sources */ = {isa = PBXBuildFile; fileRef = 288F10EB2BFFE8B7002D7E8E /* PersistenceManager.swift */; };
		288F10EE2BFFF42B002D7E8E /* FavoriteCell.swift in Sources */ = {isa = PBXBuildFile; fileRef = 288F10ED2BFFF42B002D7E8E /* FavoriteCell.swift */; };
		288F10F12C00AEDC002D7E8E /* GHTabBarController.swift in Sources */ = {isa = PBXBuildFile; fileRef = 288F10F02C00AEDC002D7E8E /* GHTabBarController.swift */; };
		28AFB3282BF5F86C00EC8DAB /* UIHelper.swift in Sources */ = {isa = PBXBuildFile; fileRef = 28AFB3272BF5F86C00EC8DAB /* UIHelper.swift */; };
		28AFB3302BF9045C00EC8DAB /* GHEmptyStateView.swift in Sources */ = {isa = PBXBuildFile; fileRef = 28AFB32F2BF9045C00EC8DAB /* GHEmptyStateView.swift */; };
		28C99ECE2BEEF6E700D1F1D9 /* GHBodyLabel.swift in Sources */ = {isa = PBXBuildFile; fileRef = 28C99ECD2BEEF6E700D1F1D9 /* GHBodyLabel.swift */; };
		28C99ED02BEEF79E00D1F1D9 /* GHAlertVC.swift in Sources */ = {isa = PBXBuildFile; fileRef = 28C99ECF2BEEF79E00D1F1D9 /* GHAlertVC.swift */; };
		28C99ED22BEEFE3300D1F1D9 /* UIViewControllerExtension.swift in Sources */ = {isa = PBXBuildFile; fileRef = 28C99ED12BEEFE3300D1F1D9 /* UIViewControllerExtension.swift */; };
		28C99EDA2BEF099E00D1F1D9 /* Follower.swift in Sources */ = {isa = PBXBuildFile; fileRef = 28C99ED92BEF099E00D1F1D9 /* Follower.swift */; };
		28C99EDC2BEF0A5600D1F1D9 /* User.swift in Sources */ = {isa = PBXBuildFile; fileRef = 28C99EDB2BEF0A5600D1F1D9 /* User.swift */; };
		28C99EE02BEF0F7700D1F1D9 /* NetworkManager.swift in Sources */ = {isa = PBXBuildFile; fileRef = 28C99EDF2BEF0F7700D1F1D9 /* NetworkManager.swift */; };
		28C99EE32BEF1D7A00D1F1D9 /* GHError.swift in Sources */ = {isa = PBXBuildFile; fileRef = 28C99EE22BEF1D7A00D1F1D9 /* GHError.swift */; };
		28C99EE62BF1CC0600D1F1D9 /* FollowerCell.swift in Sources */ = {isa = PBXBuildFile; fileRef = 28C99EE52BF1CC0600D1F1D9 /* FollowerCell.swift */; };
		28C99EE82BF1CCB600D1F1D9 /* GHAvatarImageView.swift in Sources */ = {isa = PBXBuildFile; fileRef = 28C99EE72BF1CCB600D1F1D9 /* GHAvatarImageView.swift */; };
		28FE720B2BEE4A8A000762CF /* AppDelegate.swift in Sources */ = {isa = PBXBuildFile; fileRef = 28FE720A2BEE4A8A000762CF /* AppDelegate.swift */; };
		28FE720D2BEE4A8A000762CF /* SceneDelegate.swift in Sources */ = {isa = PBXBuildFile; fileRef = 28FE720C2BEE4A8A000762CF /* SceneDelegate.swift */; };
		28FE72142BEE4A8D000762CF /* Assets.xcassets in Resources */ = {isa = PBXBuildFile; fileRef = 28FE72132BEE4A8D000762CF /* Assets.xcassets */; };
		28FE72172BEE4A8D000762CF /* LaunchScreen.storyboard in Resources */ = {isa = PBXBuildFile; fileRef = 28FE72152BEE4A8D000762CF /* LaunchScreen.storyboard */; };
		28FE721F2BEE54AF000762CF /* SearchVC.swift in Sources */ = {isa = PBXBuildFile; fileRef = 28FE721E2BEE54AF000762CF /* SearchVC.swift */; };
		28FE72212BEE5501000762CF /* FavoritesListVC.swift in Sources */ = {isa = PBXBuildFile; fileRef = 28FE72202BEE5501000762CF /* FavoritesListVC.swift */; };
		28FE72232BEE5F2A000762CF /* GHButton.swift in Sources */ = {isa = PBXBuildFile; fileRef = 28FE72222BEE5F2A000762CF /* GHButton.swift */; };
		28FE72252BEE6453000762CF /* GHTextField.swift in Sources */ = {isa = PBXBuildFile; fileRef = 28FE72242BEE6453000762CF /* GHTextField.swift */; };
		28FE72272BEE70F8000762CF /* FollowerListVC.swift in Sources */ = {isa = PBXBuildFile; fileRef = 28FE72262BEE70F8000762CF /* FollowerListVC.swift */; };
		28FE72292BEE8BD1000762CF /* GHTitleLabel.swift in Sources */ = {isa = PBXBuildFile; fileRef = 28FE72282BEE8BD1000762CF /* GHTitleLabel.swift */; };
/* End PBXBuildFile section */

/* Begin PBXFileReference section */
		2884E9772C06B9A500AC40BC /* GHAlertContainerView.swift */ = {isa = PBXFileReference; lastKnownFileType = sourcecode.swift; path = GHAlertContainerView.swift; sourceTree = "<group>"; };
		288F10D42BFBF30B002D7E8E /* UserInfoVC.swift */ = {isa = PBXFileReference; lastKnownFileType = sourcecode.swift; path = UserInfoVC.swift; sourceTree = "<group>"; };
		288F10D62BFCC4A7002D7E8E /* GHSecondaryLabel.swift */ = {isa = PBXFileReference; lastKnownFileType = sourcecode.swift; path = GHSecondaryLabel.swift; sourceTree = "<group>"; };
		288F10D82BFD0C39002D7E8E /* GHUserInfoHeaderVC.swift */ = {isa = PBXFileReference; lastKnownFileType = sourcecode.swift; path = GHUserInfoHeaderVC.swift; sourceTree = "<group>"; };
		288F10DA2BFD300E002D7E8E /* Constants.swift */ = {isa = PBXFileReference; lastKnownFileType = sourcecode.swift; path = Constants.swift; sourceTree = "<group>"; };
		288F10DC2BFF6FDE002D7E8E /* GHInfoItemView.swift */ = {isa = PBXFileReference; lastKnownFileType = sourcecode.swift; path = GHInfoItemView.swift; sourceTree = "<group>"; };
		288F10DE2BFF7783002D7E8E /* GHItemInfoVC.swift */ = {isa = PBXFileReference; lastKnownFileType = sourcecode.swift; path = GHItemInfoVC.swift; sourceTree = "<group>"; };
		288F10E02BFF7C61002D7E8E /* GHRepoItemVC.swift */ = {isa = PBXFileReference; lastKnownFileType = sourcecode.swift; path = GHRepoItemVC.swift; sourceTree = "<group>"; };
		288F10E22BFF7E19002D7E8E /* GHFollowerItemVC.swift */ = {isa = PBXFileReference; lastKnownFileType = sourcecode.swift; path = GHFollowerItemVC.swift; sourceTree = "<group>"; };
		288F10E72BFF81B4002D7E8E /* DateExtension.swift */ = {isa = PBXFileReference; lastKnownFileType = sourcecode.swift; path = DateExtension.swift; sourceTree = "<group>"; };
		288F10E92BFF81D6002D7E8E /* StringExtension.swift */ = {isa = PBXFileReference; lastKnownFileType = sourcecode.swift; path = StringExtension.swift; sourceTree = "<group>"; };
		288F10EB2BFFE8B7002D7E8E /* PersistenceManager.swift */ = {isa = PBXFileReference; lastKnownFileType = sourcecode.swift; path = PersistenceManager.swift; sourceTree = "<group>"; };
		288F10ED2BFFF42B002D7E8E /* FavoriteCell.swift */ = {isa = PBXFileReference; lastKnownFileType = sourcecode.swift; path = FavoriteCell.swift; sourceTree = "<group>"; };
		288F10F02C00AEDC002D7E8E /* GHTabBarController.swift */ = {isa = PBXFileReference; lastKnownFileType = sourcecode.swift; path = GHTabBarController.swift; sourceTree = "<group>"; };
		28AFB3272BF5F86C00EC8DAB /* UIHelper.swift */ = {isa = PBXFileReference; lastKnownFileType = sourcecode.swift; path = UIHelper.swift; sourceTree = "<group>"; };
		28AFB32F2BF9045C00EC8DAB /* GHEmptyStateView.swift */ = {isa = PBXFileReference; lastKnownFileType = sourcecode.swift; path = GHEmptyStateView.swift; sourceTree = "<group>"; };
		28C99ECD2BEEF6E700D1F1D9 /* GHBodyLabel.swift */ = {isa = PBXFileReference; lastKnownFileType = sourcecode.swift; path = GHBodyLabel.swift; sourceTree = "<group>"; };
		28C99ECF2BEEF79E00D1F1D9 /* GHAlertVC.swift */ = {isa = PBXFileReference; lastKnownFileType = sourcecode.swift; path = GHAlertVC.swift; sourceTree = "<group>"; };
		28C99ED12BEEFE3300D1F1D9 /* UIViewControllerExtension.swift */ = {isa = PBXFileReference; lastKnownFileType = sourcecode.swift; path = UIViewControllerExtension.swift; sourceTree = "<group>"; };
		28C99ED92BEF099E00D1F1D9 /* Follower.swift */ = {isa = PBXFileReference; lastKnownFileType = sourcecode.swift; path = Follower.swift; sourceTree = "<group>"; };
		28C99EDB2BEF0A5600D1F1D9 /* User.swift */ = {isa = PBXFileReference; lastKnownFileType = sourcecode.swift; path = User.swift; sourceTree = "<group>"; };
		28C99EDF2BEF0F7700D1F1D9 /* NetworkManager.swift */ = {isa = PBXFileReference; lastKnownFileType = sourcecode.swift; path = NetworkManager.swift; sourceTree = "<group>"; };
		28C99EE22BEF1D7A00D1F1D9 /* GHError.swift */ = {isa = PBXFileReference; lastKnownFileType = sourcecode.swift; path = GHError.swift; sourceTree = "<group>"; };
		28C99EE52BF1CC0600D1F1D9 /* FollowerCell.swift */ = {isa = PBXFileReference; lastKnownFileType = sourcecode.swift; path = FollowerCell.swift; sourceTree = "<group>"; };
		28C99EE72BF1CCB600D1F1D9 /* GHAvatarImageView.swift */ = {isa = PBXFileReference; lastKnownFileType = sourcecode.swift; path = GHAvatarImageView.swift; sourceTree = "<group>"; };
		28FE72072BEE4A8A000762CF /* GHLookup.app */ = {isa = PBXFileReference; explicitFileType = wrapper.application; includeInIndex = 0; path = GHLookup.app; sourceTree = BUILT_PRODUCTS_DIR; };
		28FE720A2BEE4A8A000762CF /* AppDelegate.swift */ = {isa = PBXFileReference; lastKnownFileType = sourcecode.swift; path = AppDelegate.swift; sourceTree = "<group>"; };
		28FE720C2BEE4A8A000762CF /* SceneDelegate.swift */ = {isa = PBXFileReference; lastKnownFileType = sourcecode.swift; path = SceneDelegate.swift; sourceTree = "<group>"; };
		28FE72132BEE4A8D000762CF /* Assets.xcassets */ = {isa = PBXFileReference; lastKnownFileType = folder.assetcatalog; path = Assets.xcassets; sourceTree = "<group>"; };
		28FE72162BEE4A8D000762CF /* Base */ = {isa = PBXFileReference; lastKnownFileType = file.storyboard; name = Base; path = Base.lproj/LaunchScreen.storyboard; sourceTree = "<group>"; };
		28FE72182BEE4A8D000762CF /* Info.plist */ = {isa = PBXFileReference; lastKnownFileType = text.plist.xml; path = Info.plist; sourceTree = "<group>"; };
		28FE721E2BEE54AF000762CF /* SearchVC.swift */ = {isa = PBXFileReference; lastKnownFileType = sourcecode.swift; path = SearchVC.swift; sourceTree = "<group>"; };
		28FE72202BEE5501000762CF /* FavoritesListVC.swift */ = {isa = PBXFileReference; lastKnownFileType = sourcecode.swift; path = FavoritesListVC.swift; sourceTree = "<group>"; };
		28FE72222BEE5F2A000762CF /* GHButton.swift */ = {isa = PBXFileReference; lastKnownFileType = sourcecode.swift; path = GHButton.swift; sourceTree = "<group>"; };
		28FE72242BEE6453000762CF /* GHTextField.swift */ = {isa = PBXFileReference; lastKnownFileType = sourcecode.swift; path = GHTextField.swift; sourceTree = "<group>"; };
		28FE72262BEE70F8000762CF /* FollowerListVC.swift */ = {isa = PBXFileReference; lastKnownFileType = sourcecode.swift; path = FollowerListVC.swift; sourceTree = "<group>"; };
		28FE72282BEE8BD1000762CF /* GHTitleLabel.swift */ = {isa = PBXFileReference; lastKnownFileType = sourcecode.swift; path = GHTitleLabel.swift; sourceTree = "<group>"; };
/* End PBXFileReference section */

/* Begin PBXFrameworksBuildPhase section */
		28FE72042BEE4A8A000762CF /* Frameworks */ = {
			isa = PBXFrameworksBuildPhase;
			buildActionMask = 2147483647;
			files = (
			);
			runOnlyForDeploymentPostprocessing = 0;
		};
/* End PBXFrameworksBuildPhase section */

/* Begin PBXGroup section */
		288F10E42BFF7E5C002D7E8E /* ItemInfoVCs */ = {
			isa = PBXGroup;
			children = (
				288F10DE2BFF7783002D7E8E /* GHItemInfoVC.swift */,
				288F10E02BFF7C61002D7E8E /* GHRepoItemVC.swift */,
				288F10E22BFF7E19002D7E8E /* GHFollowerItemVC.swift */,
			);
			path = ItemInfoVCs;
			sourceTree = "<group>";
		};
		288F10EF2C00AEB9002D7E8E /* TabBarControllers */ = {
			isa = PBXGroup;
			children = (
				288F10F02C00AEDC002D7E8E /* GHTabBarController.swift */,
			);
			path = TabBarControllers;
			sourceTree = "<group>";
		};
		28AFB3292BF903F800EC8DAB /* Views */ = {
			isa = PBXGroup;
			children = (
				28AFB32F2BF9045C00EC8DAB /* GHEmptyStateView.swift */,
				288F10DC2BFF6FDE002D7E8E /* GHInfoItemView.swift */,
				2884E9772C06B9A500AC40BC /* GHAlertContainerView.swift */,
			);
			path = Views;
			sourceTree = "<group>";
		};
		28AFB32A2BF903FC00EC8DAB /* Buttons */ = {
			isa = PBXGroup;
			children = (
				28FE72222BEE5F2A000762CF /* GHButton.swift */,
			);
			path = Buttons;
			sourceTree = "<group>";
		};
		28AFB32B2BF9040300EC8DAB /* TextFields */ = {
			isa = PBXGroup;
			children = (
				28FE72242BEE6453000762CF /* GHTextField.swift */,
			);
			path = TextFields;
			sourceTree = "<group>";
		};
		28AFB32C2BF9040A00EC8DAB /* ImageViews */ = {
			isa = PBXGroup;
			children = (
				28C99EE72BF1CCB600D1F1D9 /* GHAvatarImageView.swift */,
			);
			path = ImageViews;
			sourceTree = "<group>";
		};
		28AFB32D2BF9040F00EC8DAB /* ViewControllers */ = {
			isa = PBXGroup;
			children = (
				288F10E42BFF7E5C002D7E8E /* ItemInfoVCs */,
				28C99ECF2BEEF79E00D1F1D9 /* GHAlertVC.swift */,
				288F10D82BFD0C39002D7E8E /* GHUserInfoHeaderVC.swift */,
			);
			path = ViewControllers;
			sourceTree = "<group>";
		};
		28AFB32E2BF9042300EC8DAB /* Labels */ = {
			isa = PBXGroup;
			children = (
				28FE72282BEE8BD1000762CF /* GHTitleLabel.swift */,
				28C99ECD2BEEF6E700D1F1D9 /* GHBodyLabel.swift */,
				288F10D62BFCC4A7002D7E8E /* GHSecondaryLabel.swift */,
			);
			path = Labels;
			sourceTree = "<group>";
		};
		28C99ED32BEF01F900D1F1D9 /* Controllers */ = {
			isa = PBXGroup;
			children = (
				28FE721E2BEE54AF000762CF /* SearchVC.swift */,
				28FE72262BEE70F8000762CF /* FollowerListVC.swift */,
				28FE72202BEE5501000762CF /* FavoritesListVC.swift */,
				288F10D42BFBF30B002D7E8E /* UserInfoVC.swift */,
			);
			path = Controllers;
			sourceTree = "<group>";
		};
		28C99ED42BEF02BC00D1F1D9 /* CustomViews */ = {
			isa = PBXGroup;
			children = (
				288F10EF2C00AEB9002D7E8E /* TabBarControllers */,
				28AFB32E2BF9042300EC8DAB /* Labels */,
				28AFB32D2BF9040F00EC8DAB /* ViewControllers */,
				28AFB32C2BF9040A00EC8DAB /* ImageViews */,
				28AFB32B2BF9040300EC8DAB /* TextFields */,
				28AFB32A2BF903FC00EC8DAB /* Buttons */,
				28AFB3292BF903F800EC8DAB /* Views */,
				28C99EE42BF1CBEC00D1F1D9 /* Cells */,
			);
			path = CustomViews;
			sourceTree = "<group>";
		};
		28C99ED52BEF02EA00D1F1D9 /* Extensions */ = {
			isa = PBXGroup;
			children = (
				28C99ED12BEEFE3300D1F1D9 /* UIViewControllerExtension.swift */,
				288F10E72BFF81B4002D7E8E /* DateExtension.swift */,
				288F10E92BFF81D6002D7E8E /* StringExtension.swift */,
			);
			path = Extensions;
			sourceTree = "<group>";
		};
		28C99ED72BEF035400D1F1D9 /* Support */ = {
			isa = PBXGroup;
			children = (
				28FE720A2BEE4A8A000762CF /* AppDelegate.swift */,
				28FE720C2BEE4A8A000762CF /* SceneDelegate.swift */,
				28FE72132BEE4A8D000762CF /* Assets.xcassets */,
				28FE72152BEE4A8D000762CF /* LaunchScreen.storyboard */,
			);
			path = Support;
			sourceTree = "<group>";
		};
		28C99ED82BEF099100D1F1D9 /* Model */ = {
			isa = PBXGroup;
			children = (
				28C99ED92BEF099E00D1F1D9 /* Follower.swift */,
				28C99EDB2BEF0A5600D1F1D9 /* User.swift */,
			);
			path = Model;
			sourceTree = "<group>";
		};
		28C99EDE2BEF0F6B00D1F1D9 /* Managers */ = {
			isa = PBXGroup;
			children = (
				28C99EDF2BEF0F7700D1F1D9 /* NetworkManager.swift */,
				288F10EB2BFFE8B7002D7E8E /* PersistenceManager.swift */,
			);
			path = Managers;
			sourceTree = "<group>";
		};
		28C99EE12BEF1D7100D1F1D9 /* Utilities */ = {
			isa = PBXGroup;
			children = (
				28C99EE22BEF1D7A00D1F1D9 /* GHError.swift */,
				28AFB3272BF5F86C00EC8DAB /* UIHelper.swift */,
				288F10DA2BFD300E002D7E8E /* Constants.swift */,
			);
			path = Utilities;
			sourceTree = "<group>";
		};
		28C99EE42BF1CBEC00D1F1D9 /* Cells */ = {
			isa = PBXGroup;
			children = (
				28C99EE52BF1CC0600D1F1D9 /* FollowerCell.swift */,
				288F10ED2BFFF42B002D7E8E /* FavoriteCell.swift */,
			);
			path = Cells;
			sourceTree = "<group>";
		};
		28FE71FE2BEE4A8A000762CF = {
			isa = PBXGroup;
			children = (
				28FE72092BEE4A8A000762CF /* GHLookup */,
				28FE72082BEE4A8A000762CF /* Products */,
			);
			sourceTree = "<group>";
		};
		28FE72082BEE4A8A000762CF /* Products */ = {
			isa = PBXGroup;
			children = (
				28FE72072BEE4A8A000762CF /* GHLookup.app */,
			);
			name = Products;
			sourceTree = "<group>";
		};
		28FE72092BEE4A8A000762CF /* GHLookup */ = {
			isa = PBXGroup;
			children = (
				28C99EE12BEF1D7100D1F1D9 /* Utilities */,
				28C99EDE2BEF0F6B00D1F1D9 /* Managers */,
				28FE72182BEE4A8D000762CF /* Info.plist */,
				28C99ED82BEF099100D1F1D9 /* Model */,
				28C99ED72BEF035400D1F1D9 /* Support */,
				28C99ED52BEF02EA00D1F1D9 /* Extensions */,
				28C99ED42BEF02BC00D1F1D9 /* CustomViews */,
				28C99ED32BEF01F900D1F1D9 /* Controllers */,
			);
			path = GHLookup;
			sourceTree = "<group>";
		};
/* End PBXGroup section */

/* Begin PBXNativeTarget section */
		28FE72062BEE4A8A000762CF /* GHLookup */ = {
			isa = PBXNativeTarget;
			buildConfigurationList = 28FE721B2BEE4A8D000762CF /* Build configuration list for PBXNativeTarget "GHLookup" */;
			buildPhases = (
				28FE72032BEE4A8A000762CF /* Sources */,
				28FE72042BEE4A8A000762CF /* Frameworks */,
				28FE72052BEE4A8A000762CF /* Resources */,
			);
			buildRules = (
			);
			dependencies = (
			);
			name = GHLookup;
			productName = GHLookup;
			productReference = 28FE72072BEE4A8A000762CF /* GHLookup.app */;
			productType = "com.apple.product-type.application";
		};
/* End PBXNativeTarget section */

/* Begin PBXProject section */
		28FE71FF2BEE4A8A000762CF /* Project object */ = {
			isa = PBXProject;
			attributes = {
				BuildIndependentTargetsInParallel = 1;
				LastSwiftUpdateCheck = 1520;
				LastUpgradeCheck = 1520;
				TargetAttributes = {
					28FE72062BEE4A8A000762CF = {
						CreatedOnToolsVersion = 15.2;
					};
				};
			};
			buildConfigurationList = 28FE72022BEE4A8A000762CF /* Build configuration list for PBXProject "GHLookup" */;
			compatibilityVersion = "Xcode 14.0";
			developmentRegion = en;
			hasScannedForEncodings = 0;
			knownRegions = (
				en,
				Base,
			);
			mainGroup = 28FE71FE2BEE4A8A000762CF;
			productRefGroup = 28FE72082BEE4A8A000762CF /* Products */;
			projectDirPath = "";
			projectRoot = "";
			targets = (
				28FE72062BEE4A8A000762CF /* GHLookup */,
			);
		};
/* End PBXProject section */

/* Begin PBXResourcesBuildPhase section */
		28FE72052BEE4A8A000762CF /* Resources */ = {
			isa = PBXResourcesBuildPhase;
			buildActionMask = 2147483647;
			files = (
				28FE72172BEE4A8D000762CF /* LaunchScreen.storyboard in Resources */,
				28FE72142BEE4A8D000762CF /* Assets.xcassets in Resources */,
			);
			runOnlyForDeploymentPostprocessing = 0;
		};
/* End PBXResourcesBuildPhase section */

/* Begin PBXSourcesBuildPhase section */
		28FE72032BEE4A8A000762CF /* Sources */ = {
			isa = PBXSourcesBuildPhase;
			buildActionMask = 2147483647;
			files = (
				28C99EDC2BEF0A5600D1F1D9 /* User.swift in Sources */,
				288F10E82BFF81B4002D7E8E /* DateExtension.swift in Sources */,
				28FE72232BEE5F2A000762CF /* GHButton.swift in Sources */,
				28FE721F2BEE54AF000762CF /* SearchVC.swift in Sources */,
				28FE72252BEE6453000762CF /* GHTextField.swift in Sources */,
				288F10DD2BFF6FDE002D7E8E /* GHInfoItemView.swift in Sources */,
				28FE72212BEE5501000762CF /* FavoritesListVC.swift in Sources */,
				288F10DF2BFF7783002D7E8E /* GHItemInfoVC.swift in Sources */,
				28AFB3282BF5F86C00EC8DAB /* UIHelper.swift in Sources */,
				288F10DB2BFD300E002D7E8E /* Constants.swift in Sources */,
				28FE72272BEE70F8000762CF /* FollowerListVC.swift in Sources */,
				288F10E12BFF7C61002D7E8E /* GHRepoItemVC.swift in Sources */,
				288F10EA2BFF81D6002D7E8E /* StringExtension.swift in Sources */,
				28FE720B2BEE4A8A000762CF /* AppDelegate.swift in Sources */,
				288F10EE2BFFF42B002D7E8E /* FavoriteCell.swift in Sources */,
				288F10E32BFF7E19002D7E8E /* GHFollowerItemVC.swift in Sources */,
				28C99EE62BF1CC0600D1F1D9 /* FollowerCell.swift in Sources */,
				28C99EE32BEF1D7A00D1F1D9 /* GHError.swift in Sources */,
				288F10F12C00AEDC002D7E8E /* GHTabBarController.swift in Sources */,
				28C99ED02BEEF79E00D1F1D9 /* GHAlertVC.swift in Sources */,
				28C99EDA2BEF099E00D1F1D9 /* Follower.swift in Sources */,
				28C99ECE2BEEF6E700D1F1D9 /* GHBodyLabel.swift in Sources */,
				28C99EE02BEF0F7700D1F1D9 /* NetworkManager.swift in Sources */,
				288F10EC2BFFE8B7002D7E8E /* PersistenceManager.swift in Sources */,
				28C99EE82BF1CCB600D1F1D9 /* GHAvatarImageView.swift in Sources */,
				288F10D92BFD0C39002D7E8E /* GHUserInfoHeaderVC.swift in Sources */,
				28FE72292BEE8BD1000762CF /* GHTitleLabel.swift in Sources */,
				28C99ED22BEEFE3300D1F1D9 /* UIViewControllerExtension.swift in Sources */,
				28AFB3302BF9045C00EC8DAB /* GHEmptyStateView.swift in Sources */,
				2884E9782C06B9A500AC40BC /* GHAlertContainerView.swift in Sources */,
				288F10D72BFCC4A7002D7E8E /* GHSecondaryLabel.swift in Sources */,
				28FE720D2BEE4A8A000762CF /* SceneDelegate.swift in Sources */,
				288F10D52BFBF30B002D7E8E /* UserInfoVC.swift in Sources */,
			);
			runOnlyForDeploymentPostprocessing = 0;
		};
/* End PBXSourcesBuildPhase section */

/* Begin PBXVariantGroup section */
		28FE72152BEE4A8D000762CF /* LaunchScreen.storyboard */ = {
			isa = PBXVariantGroup;
			children = (
				28FE72162BEE4A8D000762CF /* Base */,
			);
			name = LaunchScreen.storyboard;
			sourceTree = "<group>";
		};
/* End PBXVariantGroup section */

/* Begin XCBuildConfiguration section */
		28FE72192BEE4A8D000762CF /* Debug */ = {
			isa = XCBuildConfiguration;
			buildSettings = {
				ALWAYS_SEARCH_USER_PATHS = NO;
				ASSETCATALOG_COMPILER_GENERATE_SWIFT_ASSET_SYMBOL_EXTENSIONS = YES;
				CLANG_ANALYZER_NONNULL = YES;
				CLANG_ANALYZER_NUMBER_OBJECT_CONVERSION = YES_AGGRESSIVE;
				CLANG_CXX_LANGUAGE_STANDARD = "gnu++20";
				CLANG_ENABLE_MODULES = YES;
				CLANG_ENABLE_OBJC_ARC = YES;
				CLANG_ENABLE_OBJC_WEAK = YES;
				CLANG_WARN_BLOCK_CAPTURE_AUTORELEASING = YES;
				CLANG_WARN_BOOL_CONVERSION = YES;
				CLANG_WARN_COMMA = YES;
				CLANG_WARN_CONSTANT_CONVERSION = YES;
				CLANG_WARN_DEPRECATED_OBJC_IMPLEMENTATIONS = YES;
				CLANG_WARN_DIRECT_OBJC_ISA_USAGE = YES_ERROR;
				CLANG_WARN_DOCUMENTATION_COMMENTS = YES;
				CLANG_WARN_EMPTY_BODY = YES;
				CLANG_WARN_ENUM_CONVERSION = YES;
				CLANG_WARN_INFINITE_RECURSION = YES;
				CLANG_WARN_INT_CONVERSION = YES;
				CLANG_WARN_NON_LITERAL_NULL_CONVERSION = YES;
				CLANG_WARN_OBJC_IMPLICIT_RETAIN_SELF = YES;
				CLANG_WARN_OBJC_LITERAL_CONVERSION = YES;
				CLANG_WARN_OBJC_ROOT_CLASS = YES_ERROR;
				CLANG_WARN_QUOTED_INCLUDE_IN_FRAMEWORK_HEADER = YES;
				CLANG_WARN_RANGE_LOOP_ANALYSIS = YES;
				CLANG_WARN_STRICT_PROTOTYPES = YES;
				CLANG_WARN_SUSPICIOUS_MOVE = YES;
				CLANG_WARN_UNGUARDED_AVAILABILITY = YES_AGGRESSIVE;
				CLANG_WARN_UNREACHABLE_CODE = YES;
				CLANG_WARN__DUPLICATE_METHOD_MATCH = YES;
				COPY_PHASE_STRIP = NO;
				DEBUG_INFORMATION_FORMAT = dwarf;
				ENABLE_STRICT_OBJC_MSGSEND = YES;
				ENABLE_TESTABILITY = YES;
				ENABLE_USER_SCRIPT_SANDBOXING = YES;
				GCC_C_LANGUAGE_STANDARD = gnu17;
				GCC_DYNAMIC_NO_PIC = NO;
				GCC_NO_COMMON_BLOCKS = YES;
				GCC_OPTIMIZATION_LEVEL = 0;
				GCC_PREPROCESSOR_DEFINITIONS = (
					"DEBUG=1",
					"$(inherited)",
				);
				GCC_WARN_64_TO_32_BIT_CONVERSION = YES;
				GCC_WARN_ABOUT_RETURN_TYPE = YES_ERROR;
				GCC_WARN_UNDECLARED_SELECTOR = YES;
				GCC_WARN_UNINITIALIZED_AUTOS = YES_AGGRESSIVE;
				GCC_WARN_UNUSED_FUNCTION = YES;
				GCC_WARN_UNUSED_VARIABLE = YES;
				IPHONEOS_DEPLOYMENT_TARGET = 17.2;
				LOCALIZATION_PREFERS_STRING_CATALOGS = YES;
				MTL_ENABLE_DEBUG_INFO = INCLUDE_SOURCE;
				MTL_FAST_MATH = YES;
				ONLY_ACTIVE_ARCH = YES;
				SDKROOT = iphoneos;
				SWIFT_ACTIVE_COMPILATION_CONDITIONS = "DEBUG $(inherited)";
				SWIFT_OPTIMIZATION_LEVEL = "-Onone";
			};
			name = Debug;
		};
		28FE721A2BEE4A8D000762CF /* Release */ = {
			isa = XCBuildConfiguration;
			buildSettings = {
				ALWAYS_SEARCH_USER_PATHS = NO;
				ASSETCATALOG_COMPILER_GENERATE_SWIFT_ASSET_SYMBOL_EXTENSIONS = YES;
				CLANG_ANALYZER_NONNULL = YES;
				CLANG_ANALYZER_NUMBER_OBJECT_CONVERSION = YES_AGGRESSIVE;
				CLANG_CXX_LANGUAGE_STANDARD = "gnu++20";
				CLANG_ENABLE_MODULES = YES;
				CLANG_ENABLE_OBJC_ARC = YES;
				CLANG_ENABLE_OBJC_WEAK = YES;
				CLANG_WARN_BLOCK_CAPTURE_AUTORELEASING = YES;
				CLANG_WARN_BOOL_CONVERSION = YES;
				CLANG_WARN_COMMA = YES;
				CLANG_WARN_CONSTANT_CONVERSION = YES;
				CLANG_WARN_DEPRECATED_OBJC_IMPLEMENTATIONS = YES;
				CLANG_WARN_DIRECT_OBJC_ISA_USAGE = YES_ERROR;
				CLANG_WARN_DOCUMENTATION_COMMENTS = YES;
				CLANG_WARN_EMPTY_BODY = YES;
				CLANG_WARN_ENUM_CONVERSION = YES;
				CLANG_WARN_INFINITE_RECURSION = YES;
				CLANG_WARN_INT_CONVERSION = YES;
				CLANG_WARN_NON_LITERAL_NULL_CONVERSION = YES;
				CLANG_WARN_OBJC_IMPLICIT_RETAIN_SELF = YES;
				CLANG_WARN_OBJC_LITERAL_CONVERSION = YES;
				CLANG_WARN_OBJC_ROOT_CLASS = YES_ERROR;
				CLANG_WARN_QUOTED_INCLUDE_IN_FRAMEWORK_HEADER = YES;
				CLANG_WARN_RANGE_LOOP_ANALYSIS = YES;
				CLANG_WARN_STRICT_PROTOTYPES = YES;
				CLANG_WARN_SUSPICIOUS_MOVE = YES;
				CLANG_WARN_UNGUARDED_AVAILABILITY = YES_AGGRESSIVE;
				CLANG_WARN_UNREACHABLE_CODE = YES;
				CLANG_WARN__DUPLICATE_METHOD_MATCH = YES;
				COPY_PHASE_STRIP = NO;
				DEBUG_INFORMATION_FORMAT = "dwarf-with-dsym";
				ENABLE_NS_ASSERTIONS = NO;
				ENABLE_STRICT_OBJC_MSGSEND = YES;
				ENABLE_USER_SCRIPT_SANDBOXING = YES;
				GCC_C_LANGUAGE_STANDARD = gnu17;
				GCC_NO_COMMON_BLOCKS = YES;
				GCC_WARN_64_TO_32_BIT_CONVERSION = YES;
				GCC_WARN_ABOUT_RETURN_TYPE = YES_ERROR;
				GCC_WARN_UNDECLARED_SELECTOR = YES;
				GCC_WARN_UNINITIALIZED_AUTOS = YES_AGGRESSIVE;
				GCC_WARN_UNUSED_FUNCTION = YES;
				GCC_WARN_UNUSED_VARIABLE = YES;
				IPHONEOS_DEPLOYMENT_TARGET = 17.2;
				LOCALIZATION_PREFERS_STRING_CATALOGS = YES;
				MTL_ENABLE_DEBUG_INFO = NO;
				MTL_FAST_MATH = YES;
				SDKROOT = iphoneos;
				SWIFT_COMPILATION_MODE = wholemodule;
				VALIDATE_PRODUCT = YES;
			};
			name = Release;
		};
		28FE721C2BEE4A8D000762CF /* Debug */ = {
			isa = XCBuildConfiguration;
			buildSettings = {
				ASSETCATALOG_COMPILER_APPICON_NAME = AppIcon;
				ASSETCATALOG_COMPILER_GLOBAL_ACCENT_COLOR_NAME = AccentColor;
				CODE_SIGN_STYLE = Automatic;
				CURRENT_PROJECT_VERSION = 1;
				DEVELOPMENT_TEAM = W67H4LNHQ4;
				GENERATE_INFOPLIST_FILE = YES;
				INFOPLIST_FILE = GHLookup/Info.plist;
				INFOPLIST_KEY_UIApplicationSupportsIndirectInputEvents = YES;
				INFOPLIST_KEY_UILaunchStoryboardName = LaunchScreen;
				INFOPLIST_KEY_UISupportedInterfaceOrientations = UIInterfaceOrientationPortrait;
				INFOPLIST_KEY_UISupportedInterfaceOrientations_iPad = "UIInterfaceOrientationLandscapeLeft UIInterfaceOrientationLandscapeRight UIInterfaceOrientationPortrait UIInterfaceOrientationPortraitUpsideDown";
				LD_RUNPATH_SEARCH_PATHS = (
					"$(inherited)",
					"@executable_path/Frameworks",
				);
				MARKETING_VERSION = 1.0;
				PRODUCT_BUNDLE_IDENTIFIER = jjmr.GHLookup;
				PRODUCT_NAME = "$(TARGET_NAME)";
				SWIFT_EMIT_LOC_STRINGS = YES;
				SWIFT_VERSION = 5.0;
				TARGETED_DEVICE_FAMILY = "1,2";
			};
			name = Debug;
		};
		28FE721D2BEE4A8D000762CF /* Release */ = {
			isa = XCBuildConfiguration;
			buildSettings = {
				ASSETCATALOG_COMPILER_APPICON_NAME = AppIcon;
				ASSETCATALOG_COMPILER_GLOBAL_ACCENT_COLOR_NAME = AccentColor;
				CODE_SIGN_STYLE = Automatic;
				CURRENT_PROJECT_VERSION = 1;
				DEVELOPMENT_TEAM = W67H4LNHQ4;
				GENERATE_INFOPLIST_FILE = YES;
				INFOPLIST_FILE = GHLookup/Info.plist;
				INFOPLIST_KEY_UIApplicationSupportsIndirectInputEvents = YES;
				INFOPLIST_KEY_UILaunchStoryboardName = LaunchScreen;
				INFOPLIST_KEY_UISupportedInterfaceOrientations = UIInterfaceOrientationPortrait;
				INFOPLIST_KEY_UISupportedInterfaceOrientations_iPad = "UIInterfaceOrientationLandscapeLeft UIInterfaceOrientationLandscapeRight UIInterfaceOrientationPortrait UIInterfaceOrientationPortraitUpsideDown";
				LD_RUNPATH_SEARCH_PATHS = (
					"$(inherited)",
					"@executable_path/Frameworks",
				);
				MARKETING_VERSION = 1.0;
				PRODUCT_BUNDLE_IDENTIFIER = jjmr.GHLookup;
				PRODUCT_NAME = "$(TARGET_NAME)";
				SWIFT_EMIT_LOC_STRINGS = YES;
				SWIFT_VERSION = 5.0;
				TARGETED_DEVICE_FAMILY = "1,2";
			};
			name = Release;
		};
/* End XCBuildConfiguration section */

/* Begin XCConfigurationList section */
		28FE72022BEE4A8A000762CF /* Build configuration list for PBXProject "GHLookup" */ = {
			isa = XCConfigurationList;
			buildConfigurations = (
				28FE72192BEE4A8D000762CF /* Debug */,
				28FE721A2BEE4A8D000762CF /* Release */,
			);
			defaultConfigurationIsVisible = 0;
			defaultConfigurationName = Release;
		};
		28FE721B2BEE4A8D000762CF /* Build configuration list for PBXNativeTarget "GHLookup" */ = {
			isa = XCConfigurationList;
			buildConfigurations = (
				28FE721C2BEE4A8D000762CF /* Debug */,
				28FE721D2BEE4A8D000762CF /* Release */,
			);
			defaultConfigurationIsVisible = 0;
			defaultConfigurationName = Release;
		};
/* End XCConfigurationList section */
	};
	rootObject = 28FE71FF2BEE4A8A000762CF /* Project object */;
}
